
Microsoft Visual Studio Solution File, Format Version 12.00
# Visual Studio 15
VisualStudioVersion = 15.0.27703.2035
MinimumVisualStudioVersion = 10.0.40219.1
Project("{FAE04EC0-301F-11D3-BF4B-00C04F79EFBC}") = "Samples", "Samples\Samples.csproj", "{9ED89DE1-D257-450E-B66C-3B28D10F331D}"
EndProject
Project("{FAE04EC0-301F-11D3-BF4B-00C04F79EFBC}") = "Markdown", "Markdown\Markdown.csproj", "{CD839058-0CAD-4AC3-89D4-A5AB354660EF}"
EndProject
Project("{FAE04EC0-301F-11D3-BF4B-00C04F79EFBC}") = "Markdown_Tests", "Markdown_Tests\Markdown_Tests.csproj", "{40F28866-09E0-4246-952F-C56210E16E9D}"
EndProject
Global
	GlobalSection(SolutionConfigurationPlatforms) = preSolution
		Debug|Any CPU = Debug|Any CPU
		Debug|Mixed Platforms = Debug|Mixed Platforms
		Debug|x86 = Debug|x86
		Release|Any CPU = Release|Any CPU
		Release|Mixed Platforms = Release|Mixed Platforms
		Release|x86 = Release|x86
	EndGlobalSection
	GlobalSection(ProjectConfigurationPlatforms) = postSolution
		{9ED89DE1-D257-450E-B66C-3B28D10F331D}.Debug|Any CPU.ActiveCfg = Debug|Any CPU
		{9ED89DE1-D257-450E-B66C-3B28D10F331D}.Debug|Any CPU.Build.0 = Debug|Any CPU
		{9ED89DE1-D257-450E-B66C-3B28D10F331D}.Debug|Mixed Platforms.ActiveCfg = Debug|Any CPU
		{9ED89DE1-D257-450E-B66C-3B28D10F331D}.Debug|Mixed Platforms.Build.0 = Debug|Any CPU
		{9ED89DE1-D257-450E-B66C-3B28D10F331D}.Debug|x86.ActiveCfg = Debug|Any CPU
		{9ED89DE1-D257-450E-B66C-3B28D10F331D}.Debug|x86.Build.0 = Debug|Any CPU
		{9ED89DE1-D257-450E-B66C-3B28D10F331D}.Release|Any CPU.ActiveCfg = Release|Any CPU
		{9ED89DE1-D257-450E-B66C-3B28D10F331D}.Release|Any CPU.Build.0 = Release|Any CPU
		{9ED89DE1-D257-450E-B66C-3B28D10F331D}.Release|Mixed Platforms.ActiveCfg = Release|Any CPU
		{9ED89DE1-D257-450E-B66C-3B28D10F331D}.Release|Mixed Platforms.Build.0 = Release|Any CPU
		{9ED89DE1-D257-450E-B66C-3B28D10F331D}.Release|x86.ActiveCfg = Release|Any CPU
		{9ED89DE1-D257-450E-B66C-3B28D10F331D}.Release|x86.Build.0 = Release|Any CPU
		{CD839058-0CAD-4AC3-89D4-A5AB354660EF}.Debug|Any CPU.ActiveCfg = Debug|Any CPU
		{CD839058-0CAD-4AC3-89D4-A5AB354660EF}.Debug|Any CPU.Build.0 = Debug|Any CPU
		{CD839058-0CAD-4AC3-89D4-A5AB354660EF}.Debug|Mixed Platforms.ActiveCfg = Debug|Any CPU
		{CD839058-0CAD-4AC3-89D4-A5AB354660EF}.Debug|Mixed Platforms.Build.0 = Debug|Any CPU
		{CD839058-0CAD-4AC3-89D4-A5AB354660EF}.Debug|x86.ActiveCfg = Debug|Any CPU
		{CD839058-0CAD-4AC3-89D4-A5AB354660EF}.Debug|x86.Build.0 = Debug|Any CPU
		{CD839058-0CAD-4AC3-89D4-A5AB354660EF}.Release|Any CPU.ActiveCfg = Release|Any CPU
		{CD839058-0CAD-4AC3-89D4-A5AB354660EF}.Release|Any CPU.Build.0 = Release|Any CPU
		{CD839058-0CAD-4AC3-89D4-A5AB354660EF}.Release|Mixed Platforms.ActiveCfg = Release|Any CPU
		{CD839058-0CAD-4AC3-89D4-A5AB354660EF}.Release|Mixed Platforms.Build.0 = Release|Any CPU
		{CD839058-0CAD-4AC3-89D4-A5AB354660EF}.Release|x86.ActiveCfg = Release|Any CPU
		{CD839058-0CAD-4AC3-89D4-A5AB354660EF}.Release|x86.Build.0 = Release|Any CPU
		{40F28866-09E0-4246-952F-C56210E16E9D}.Debug|Any CPU.ActiveCfg = Debug|Any CPU
		{40F28866-09E0-4246-952F-C56210E16E9D}.Debug|Any CPU.Build.0 = Debug|Any CPU
		{40F28866-09E0-4246-952F-C56210E16E9D}.Debug|Mixed Platforms.ActiveCfg = Debug|Any CPU
		{40F28866-09E0-4246-952F-C56210E16E9D}.Debug|Mixed Platforms.Build.0 = Debug|Any CPU
		{40F28866-09E0-4246-952F-C56210E16E9D}.Debug|x86.ActiveCfg = Debug|Any CPU
		{40F28866-09E0-4246-952F-C56210E16E9D}.Debug|x86.Build.0 = Debug|Any CPU
		{40F28866-09E0-4246-952F-C56210E16E9D}.Release|Any CPU.ActiveCfg = Release|Any CPU
		{40F28866-09E0-4246-952F-C56210E16E9D}.Release|Any CPU.Build.0 = Release|Any CPU
		{40F28866-09E0-4246-952F-C56210E16E9D}.Release|Mixed Platforms.ActiveCfg = Release|Any CPU
		{40F28866-09E0-4246-952F-C56210E16E9D}.Release|Mixed Platforms.Build.0 = Release|Any CPU
		{40F28866-09E0-4246-952F-C56210E16E9D}.Release|x86.ActiveCfg = Release|Any CPU
		{40F28866-09E0-4246-952F-C56210E16E9D}.Release|x86.Build.0 = Release|Any CPU
	EndGlobalSection
	GlobalSection(SolutionProperties) = preSolution
		HideSolutionNode = FALSE
	EndGlobalSection
	GlobalSection(ExtensibilityGlobals) = postSolution
		SolutionGuid = {4E50A82E-5040-4E83-A219-1C69973DDBE0}
	EndGlobalSection
EndGlobal
