
Microsoft Visual Studio Solution File, Format Version 12.00
# Visual Studio Version 16
VisualStudioVersion = 16.0.30611.23
MinimumVisualStudioVersion = 10.0.40219.1
Project("{9A19103F-16F7-4668-BE54-9A1E7A4F7556}") = "Chess", "Chess\Chess.csproj", "{DBFBE40E-EE0C-48F4-8763-EBD11C960081}"
EndProject
Project("{9A19103F-16F7-4668-BE54-9A1E7A4F7556}") = "ControlDigit", "ControlDigit\ControlDigit.csproj", "{B06A4B35-9D61-4A63-9167-0673F20CA989}"
EndProject
Project("{9A19103F-16F7-4668-BE54-9A1E7A4F7556}") = "Samples", "Samples\Samples.csproj", "{C3EF41D7-50EF-4CE1-B30A-D1D81C93D7FA}"
EndProject
Project("{9A19103F-16F7-4668-BE54-9A1E7A4F7556}") = "Markdown", "Markdown\Markdown.csproj", "{92B51F19-9AE0-4E3E-ACFD-C5601BFE2D3B}"
EndProject
Project("{FAE04EC0-301F-11D3-BF4B-00C04F79EFBC}") = "MarkdownTests", "MarkdownTests\MarkdownTests.csproj", "{C5B7B9BF-27C1-4391-8488-3D42FA17D0DE}"
	ProjectSection(ProjectDependencies) = postProject
		{92B51F19-9AE0-4E3E-ACFD-C5601BFE2D3B} = {92B51F19-9AE0-4E3E-ACFD-C5601BFE2D3B}
	EndProjectSection
EndProject
Global
	GlobalSection(SolutionConfigurationPlatforms) = preSolution
		Debug|Any CPU = Debug|Any CPU
		Release|Any CPU = Release|Any CPU
	EndGlobalSection
	GlobalSection(ProjectConfigurationPlatforms) = postSolution
		{DBFBE40E-EE0C-48F4-8763-EBD11C960081}.Debug|Any CPU.ActiveCfg = Debug|Any CPU
		{DBFBE40E-EE0C-48F4-8763-EBD11C960081}.Debug|Any CPU.Build.0 = Debug|Any CPU
		{DBFBE40E-EE0C-48F4-8763-EBD11C960081}.Release|Any CPU.ActiveCfg = Release|Any CPU
		{DBFBE40E-EE0C-48F4-8763-EBD11C960081}.Release|Any CPU.Build.0 = Release|Any CPU
		{B06A4B35-9D61-4A63-9167-0673F20CA989}.Debug|Any CPU.ActiveCfg = Debug|Any CPU
		{B06A4B35-9D61-4A63-9167-0673F20CA989}.Debug|Any CPU.Build.0 = Debug|Any CPU
		{B06A4B35-9D61-4A63-9167-0673F20CA989}.Release|Any CPU.ActiveCfg = Release|Any CPU
		{B06A4B35-9D61-4A63-9167-0673F20CA989}.Release|Any CPU.Build.0 = Release|Any CPU
		{C3EF41D7-50EF-4CE1-B30A-D1D81C93D7FA}.Debug|Any CPU.ActiveCfg = Debug|Any CPU
		{C3EF41D7-50EF-4CE1-B30A-D1D81C93D7FA}.Debug|Any CPU.Build.0 = Debug|Any CPU
		{C3EF41D7-50EF-4CE1-B30A-D1D81C93D7FA}.Release|Any CPU.ActiveCfg = Release|Any CPU
		{C3EF41D7-50EF-4CE1-B30A-D1D81C93D7FA}.Release|Any CPU.Build.0 = Release|Any CPU
		{92B51F19-9AE0-4E3E-ACFD-C5601BFE2D3B}.Debug|Any CPU.ActiveCfg = Debug|Any CPU
		{92B51F19-9AE0-4E3E-ACFD-C5601BFE2D3B}.Debug|Any CPU.Build.0 = Debug|Any CPU
		{92B51F19-9AE0-4E3E-ACFD-C5601BFE2D3B}.Release|Any CPU.ActiveCfg = Release|Any CPU
		{92B51F19-9AE0-4E3E-ACFD-C5601BFE2D3B}.Release|Any CPU.Build.0 = Release|Any CPU
		{C5B7B9BF-27C1-4391-8488-3D42FA17D0DE}.Debug|Any CPU.ActiveCfg = Debug|Any CPU
		{C5B7B9BF-27C1-4391-8488-3D42FA17D0DE}.Debug|Any CPU.Build.0 = Debug|Any CPU
		{C5B7B9BF-27C1-4391-8488-3D42FA17D0DE}.Release|Any CPU.ActiveCfg = Release|Any CPU
		{C5B7B9BF-27C1-4391-8488-3D42FA17D0DE}.Release|Any CPU.Build.0 = Release|Any CPU
	EndGlobalSection
	GlobalSection(SolutionProperties) = preSolution
		HideSolutionNode = FALSE
	EndGlobalSection
	GlobalSection(ExtensibilityGlobals) = postSolution
		SolutionGuid = {F23C14B4-EACF-4728-BE9B-6EB7B48558C0}
	EndGlobalSection
EndGlobal
