
Microsoft Visual Studio Solution File, Format Version 12.00
# Visual Studio 15
VisualStudioVersion = 15.0.27703.2042
MinimumVisualStudioVersion = 10.0.40219.1
Project("{FAE04EC0-301F-11D3-BF4B-00C04F79EFBC}") = "Chess", "Chess\Chess.csproj", "{B5BE8C34-C38B-477A-A095-904B4BBC3F6C}"
EndProject
Project("{FAE04EC0-301F-11D3-BF4B-00C04F79EFBC}") = "ControlDigit", "ControlDigit\ControlDigit.csproj", "{218B6EE0-8519-4A53-9059-2CB669D3C205}"
EndProject
Project("{FAE04EC0-301F-11D3-BF4B-00C04F79EFBC}") = "Samples", "Samples\Samples.csproj", "{9ED89DE1-D257-450E-B66C-3B28D10F331D}"
EndProject
Project("{FAE04EC0-301F-11D3-BF4B-00C04F79EFBC}") = "Markdown", "Markdown\Markdown.csproj", "{6F298026-4143-459A-85C3-2D6385BC228A}"
EndProject
Project("{FAE04EC0-301F-11D3-BF4B-00C04F79EFBC}") = "MarkdownTests", "MarkdownTests\MarkdownTests.csproj", "{35FE4D87-B176-479A-8707-B763AFC5FC10}"
EndProject
Global
	GlobalSection(SolutionConfigurationPlatforms) = preSolution
		Debug|Any CPU = Debug|Any CPU
		Debug|Mixed Platforms = Debug|Mixed Platforms
		Debug|x86 = Debug|x86
		Release|Any CPU = Release|Any CPU
		Release|Mixed Platforms = Release|Mixed Platforms
		Release|x86 = Release|x86
	EndGlobalSection
	GlobalSection(ProjectConfigurationPlatforms) = postSolution
		{B5BE8C34-C38B-477A-A095-904B4BBC3F6C}.Debug|Any CPU.ActiveCfg = Debug|x86
		{B5BE8C34-C38B-477A-A095-904B4BBC3F6C}.Debug|Any CPU.Build.0 = Debug|x86
		{B5BE8C34-C38B-477A-A095-904B4BBC3F6C}.Debug|Mixed Platforms.ActiveCfg = Debug|x86
		{B5BE8C34-C38B-477A-A095-904B4BBC3F6C}.Debug|Mixed Platforms.Build.0 = Debug|x86
		{B5BE8C34-C38B-477A-A095-904B4BBC3F6C}.Debug|x86.ActiveCfg = Debug|x86
		{B5BE8C34-C38B-477A-A095-904B4BBC3F6C}.Debug|x86.Build.0 = Debug|x86
		{B5BE8C34-C38B-477A-A095-904B4BBC3F6C}.Release|Any CPU.ActiveCfg = Release|x86
		{B5BE8C34-C38B-477A-A095-904B4BBC3F6C}.Release|Mixed Platforms.ActiveCfg = Release|x86
		{B5BE8C34-C38B-477A-A095-904B4BBC3F6C}.Release|Mixed Platforms.Build.0 = Release|x86
		{B5BE8C34-C38B-477A-A095-904B4BBC3F6C}.Release|x86.ActiveCfg = Release|x86
		{B5BE8C34-C38B-477A-A095-904B4BBC3F6C}.Release|x86.Build.0 = Release|x86
		{218B6EE0-8519-4A53-9059-2CB669D3C205}.Debug|Any CPU.ActiveCfg = Debug|Any CPU
		{218B6EE0-8519-4A53-9059-2CB669D3C205}.Debug|Any CPU.Build.0 = Debug|Any CPU
		{218B6EE0-8519-4A53-9059-2CB669D3C205}.Debug|Mixed Platforms.ActiveCfg = Debug|Any CPU
		{218B6EE0-8519-4A53-9059-2CB669D3C205}.Debug|Mixed Platforms.Build.0 = Debug|Any CPU
		{218B6EE0-8519-4A53-9059-2CB669D3C205}.Debug|x86.ActiveCfg = Debug|Any CPU
		{218B6EE0-8519-4A53-9059-2CB669D3C205}.Debug|x86.Build.0 = Debug|Any CPU
		{218B6EE0-8519-4A53-9059-2CB669D3C205}.Release|Any CPU.ActiveCfg = Release|Any CPU
		{218B6EE0-8519-4A53-9059-2CB669D3C205}.Release|Any CPU.Build.0 = Release|Any CPU
		{218B6EE0-8519-4A53-9059-2CB669D3C205}.Release|Mixed Platforms.ActiveCfg = Release|Any CPU
		{218B6EE0-8519-4A53-9059-2CB669D3C205}.Release|Mixed Platforms.Build.0 = Release|Any CPU
		{218B6EE0-8519-4A53-9059-2CB669D3C205}.Release|x86.ActiveCfg = Release|Any CPU
		{218B6EE0-8519-4A53-9059-2CB669D3C205}.Release|x86.Build.0 = Release|Any CPU
		{9ED89DE1-D257-450E-B66C-3B28D10F331D}.Debug|Any CPU.ActiveCfg = Debug|Any CPU
		{9ED89DE1-D257-450E-B66C-3B28D10F331D}.Debug|Any CPU.Build.0 = Debug|Any CPU
		{9ED89DE1-D257-450E-B66C-3B28D10F331D}.Debug|Mixed Platforms.ActiveCfg = Debug|Any CPU
		{9ED89DE1-D257-450E-B66C-3B28D10F331D}.Debug|Mixed Platforms.Build.0 = Debug|Any CPU
		{9ED89DE1-D257-450E-B66C-3B28D10F331D}.Debug|x86.ActiveCfg = Debug|Any CPU
		{9ED89DE1-D257-450E-B66C-3B28D10F331D}.Debug|x86.Build.0 = Debug|Any CPU
		{9ED89DE1-D257-450E-B66C-3B28D10F331D}.Release|Any CPU.ActiveCfg = Release|Any CPU
		{9ED89DE1-D257-450E-B66C-3B28D10F331D}.Release|Any CPU.Build.0 = Release|Any CPU
		{9ED89DE1-D257-450E-B66C-3B28D10F331D}.Release|Mixed Platforms.ActiveCfg = Release|Any CPU
		{9ED89DE1-D257-450E-B66C-3B28D10F331D}.Release|Mixed Platforms.Build.0 = Release|Any CPU
		{9ED89DE1-D257-450E-B66C-3B28D10F331D}.Release|x86.ActiveCfg = Release|Any CPU
		{9ED89DE1-D257-450E-B66C-3B28D10F331D}.Release|x86.Build.0 = Release|Any CPU
		{6F298026-4143-459A-85C3-2D6385BC228A}.Debug|Any CPU.ActiveCfg = Debug|Any CPU
		{6F298026-4143-459A-85C3-2D6385BC228A}.Debug|Any CPU.Build.0 = Debug|Any CPU
		{6F298026-4143-459A-85C3-2D6385BC228A}.Debug|Mixed Platforms.ActiveCfg = Debug|Any CPU
		{6F298026-4143-459A-85C3-2D6385BC228A}.Debug|Mixed Platforms.Build.0 = Debug|Any CPU
		{6F298026-4143-459A-85C3-2D6385BC228A}.Debug|x86.ActiveCfg = Debug|Any CPU
		{6F298026-4143-459A-85C3-2D6385BC228A}.Debug|x86.Build.0 = Debug|Any CPU
		{6F298026-4143-459A-85C3-2D6385BC228A}.Release|Any CPU.ActiveCfg = Release|Any CPU
		{6F298026-4143-459A-85C3-2D6385BC228A}.Release|Any CPU.Build.0 = Release|Any CPU
		{6F298026-4143-459A-85C3-2D6385BC228A}.Release|Mixed Platforms.ActiveCfg = Release|Any CPU
		{6F298026-4143-459A-85C3-2D6385BC228A}.Release|Mixed Platforms.Build.0 = Release|Any CPU
		{6F298026-4143-459A-85C3-2D6385BC228A}.Release|x86.ActiveCfg = Release|Any CPU
		{6F298026-4143-459A-85C3-2D6385BC228A}.Release|x86.Build.0 = Release|Any CPU
		{35FE4D87-B176-479A-8707-B763AFC5FC10}.Debug|Any CPU.ActiveCfg = Debug|Any CPU
		{35FE4D87-B176-479A-8707-B763AFC5FC10}.Debug|Any CPU.Build.0 = Debug|Any CPU
		{35FE4D87-B176-479A-8707-B763AFC5FC10}.Debug|Mixed Platforms.ActiveCfg = Debug|Any CPU
		{35FE4D87-B176-479A-8707-B763AFC5FC10}.Debug|Mixed Platforms.Build.0 = Debug|Any CPU
		{35FE4D87-B176-479A-8707-B763AFC5FC10}.Debug|x86.ActiveCfg = Debug|Any CPU
		{35FE4D87-B176-479A-8707-B763AFC5FC10}.Debug|x86.Build.0 = Debug|Any CPU
		{35FE4D87-B176-479A-8707-B763AFC5FC10}.Release|Any CPU.ActiveCfg = Release|Any CPU
		{35FE4D87-B176-479A-8707-B763AFC5FC10}.Release|Any CPU.Build.0 = Release|Any CPU
		{35FE4D87-B176-479A-8707-B763AFC5FC10}.Release|Mixed Platforms.ActiveCfg = Release|Any CPU
		{35FE4D87-B176-479A-8707-B763AFC5FC10}.Release|Mixed Platforms.Build.0 = Release|Any CPU
		{35FE4D87-B176-479A-8707-B763AFC5FC10}.Release|x86.ActiveCfg = Release|Any CPU
		{35FE4D87-B176-479A-8707-B763AFC5FC10}.Release|x86.Build.0 = Release|Any CPU
	EndGlobalSection
	GlobalSection(SolutionProperties) = preSolution
		HideSolutionNode = FALSE
	EndGlobalSection
	GlobalSection(ExtensibilityGlobals) = postSolution
		SolutionGuid = {0479CBFD-AB17-4575-9BFB-7D038DDA312F}
	EndGlobalSection
EndGlobal
