
Microsoft Visual Studio Solution File, Format Version 12.00
# Visual Studio Version 17
VisualStudioVersion = 17.7.34202.233
MinimumVisualStudioVersion = 10.0.40219.1
Project("{FAE04EC0-301F-11D3-BF4B-00C04F79EFBC}") = "MarkdownTask", "MarkdownTask.csproj", "{5735975E-474E-48FD-988F-AA8EA5236ED6}"
EndProject
Global
	GlobalSection(SolutionConfigurationPlatforms) = preSolution
		Debug|Any CPU = Debug|Any CPU
		Release|Any CPU = Release|Any CPU
	EndGlobalSection
	GlobalSection(ProjectConfigurationPlatforms) = postSolution
		{5735975E-474E-48FD-988F-AA8EA5236ED6}.Debug|Any CPU.ActiveCfg = Debug|Any CPU
		{5735975E-474E-48FD-988F-AA8EA5236ED6}.Debug|Any CPU.Build.0 = Debug|Any CPU
		{5735975E-474E-48FD-988F-AA8EA5236ED6}.Release|Any CPU.ActiveCfg = Release|Any CPU
		{5735975E-474E-48FD-988F-AA8EA5236ED6}.Release|Any CPU.Build.0 = Release|Any CPU
	EndGlobalSection
	GlobalSection(SolutionProperties) = preSolution
		HideSolutionNode = FALSE
	EndGlobalSection
	GlobalSection(ExtensibilityGlobals) = postSolution
		SolutionGuid = {CDE41BE8-DB72-42F9-B3DD-DDC0B37AFFB2}
	EndGlobalSection
EndGlobal
