
Microsoft Visual Studio Solution File, Format Version 12.00
# Visual Studio Version 16
VisualStudioVersion = 16.0.31515.178
MinimumVisualStudioVersion = 10.0.40219.1
Project("{9A19103F-16F7-4668-BE54-9A1E7A4F7556}") = "MarkDown", "MarkDown.csproj", "{A3E24CF1-4D42-4676-A600-A80F2394E650}"
EndProject
Project("{FAE04EC0-301F-11D3-BF4B-00C04F79EFBC}") = "MarkDownTests", "..\MarkDownTests\MarkDownTests.csproj", "{3C5B8242-C308-450F-80A2-305BE3D909FD}"
EndProject
Global
	GlobalSection(SolutionConfigurationPlatforms) = preSolution
		Debug|Any CPU = Debug|Any CPU
		Release|Any CPU = Release|Any CPU
	EndGlobalSection
	GlobalSection(ProjectConfigurationPlatforms) = postSolution
		{A3E24CF1-4D42-4676-A600-A80F2394E650}.Debug|Any CPU.ActiveCfg = Debug|Any CPU
		{A3E24CF1-4D42-4676-A600-A80F2394E650}.Debug|Any CPU.Build.0 = Debug|Any CPU
		{A3E24CF1-4D42-4676-A600-A80F2394E650}.Release|Any CPU.ActiveCfg = Release|Any CPU
		{A3E24CF1-4D42-4676-A600-A80F2394E650}.Release|Any CPU.Build.0 = Release|Any CPU
		{3C5B8242-C308-450F-80A2-305BE3D909FD}.Debug|Any CPU.ActiveCfg = Debug|Any CPU
		{3C5B8242-C308-450F-80A2-305BE3D909FD}.Debug|Any CPU.Build.0 = Debug|Any CPU
		{3C5B8242-C308-450F-80A2-305BE3D909FD}.Release|Any CPU.ActiveCfg = Release|Any CPU
		{3C5B8242-C308-450F-80A2-305BE3D909FD}.Release|Any CPU.Build.0 = Release|Any CPU
	EndGlobalSection
	GlobalSection(SolutionProperties) = preSolution
		HideSolutionNode = FALSE
	EndGlobalSection
	GlobalSection(ExtensibilityGlobals) = postSolution
		SolutionGuid = {7FC0FC83-AB23-4810-AE08-37E3FB0CA38B}
	EndGlobalSection
EndGlobal
