
Microsoft Visual Studio Solution File, Format Version 12.00
# Visual Studio Version 17
VisualStudioVersion = 17.7.34202.233
MinimumVisualStudioVersion = 10.0.40219.1
Project("{9A19103F-16F7-4668-BE54-9A1E7A4F7556}") = "Markdown", "Markdown\Markdown.csproj", "{9EA4FD3A-04EE-478F-B6CF-FF205D276DA8}"
EndProject
Project("{FAE04EC0-301F-11D3-BF4B-00C04F79EFBC}") = "Tests", "Tests\Tests.csproj", "{8EC848F1-BC4C-4B30-8DDF-F3171C116626}"
EndProject
Global
	GlobalSection(SolutionConfigurationPlatforms) = preSolution
		Debug|Any CPU = Debug|Any CPU
		Release|Any CPU = Release|Any CPU
	EndGlobalSection
	GlobalSection(ProjectConfigurationPlatforms) = postSolution
		{9EA4FD3A-04EE-478F-B6CF-FF205D276DA8}.Debug|Any CPU.ActiveCfg = Debug|Any CPU
		{9EA4FD3A-04EE-478F-B6CF-FF205D276DA8}.Debug|Any CPU.Build.0 = Debug|Any CPU
		{9EA4FD3A-04EE-478F-B6CF-FF205D276DA8}.Release|Any CPU.ActiveCfg = Release|Any CPU
		{9EA4FD3A-04EE-478F-B6CF-FF205D276DA8}.Release|Any CPU.Build.0 = Release|Any CPU
		{8EC848F1-BC4C-4B30-8DDF-F3171C116626}.Debug|Any CPU.ActiveCfg = Debug|Any CPU
		{8EC848F1-BC4C-4B30-8DDF-F3171C116626}.Debug|Any CPU.Build.0 = Debug|Any CPU
		{8EC848F1-BC4C-4B30-8DDF-F3171C116626}.Release|Any CPU.ActiveCfg = Release|Any CPU
		{8EC848F1-BC4C-4B30-8DDF-F3171C116626}.Release|Any CPU.Build.0 = Release|Any CPU
	EndGlobalSection
	GlobalSection(SolutionProperties) = preSolution
		HideSolutionNode = FALSE
	EndGlobalSection
	GlobalSection(ExtensibilityGlobals) = postSolution
		SolutionGuid = {CBA4579B-E8BE-4762-A641-8160D7E14CCE}
	EndGlobalSection
EndGlobal
