
Microsoft Visual Studio Solution File, Format Version 12.00
# Visual Studio 15
VisualStudioVersion = 15.0.27428.2015
MinimumVisualStudioVersion = 10.0.40219.1
Project("{FAE04EC0-301F-11D3-BF4B-00C04F79EFBC}") = "Markdown", "Markdown\Markdown.csproj", "{1A3BD588-573E-4DB6-AF87-02ADB4B56CAA}"
EndProject
Project("{FAE04EC0-301F-11D3-BF4B-00C04F79EFBC}") = "MarkdownTests", "MarkdownTests\MarkdownTests.csproj", "{FA7A50FC-597A-4CF2-8AC8-C1C1A7B263FC}"
EndProject
Global
	GlobalSection(SolutionConfigurationPlatforms) = preSolution
		Debug|Any CPU = Debug|Any CPU
		Release|Any CPU = Release|Any CPU
	EndGlobalSection
	GlobalSection(ProjectConfigurationPlatforms) = postSolution
		{1A3BD588-573E-4DB6-AF87-02ADB4B56CAA}.Debug|Any CPU.ActiveCfg = Debug|Any CPU
		{1A3BD588-573E-4DB6-AF87-02ADB4B56CAA}.Debug|Any CPU.Build.0 = Debug|Any CPU
		{1A3BD588-573E-4DB6-AF87-02ADB4B56CAA}.Release|Any CPU.ActiveCfg = Release|Any CPU
		{1A3BD588-573E-4DB6-AF87-02ADB4B56CAA}.Release|Any CPU.Build.0 = Release|Any CPU
		{FA7A50FC-597A-4CF2-8AC8-C1C1A7B263FC}.Debug|Any CPU.ActiveCfg = Debug|Any CPU
		{FA7A50FC-597A-4CF2-8AC8-C1C1A7B263FC}.Debug|Any CPU.Build.0 = Debug|Any CPU
		{FA7A50FC-597A-4CF2-8AC8-C1C1A7B263FC}.Release|Any CPU.ActiveCfg = Release|Any CPU
		{FA7A50FC-597A-4CF2-8AC8-C1C1A7B263FC}.Release|Any CPU.Build.0 = Release|Any CPU
	EndGlobalSection
	GlobalSection(SolutionProperties) = preSolution
		HideSolutionNode = FALSE
	EndGlobalSection
	GlobalSection(ExtensibilityGlobals) = postSolution
		SolutionGuid = {76B6BE45-699E-40B4-A521-2C7BCC98F9A0}
	EndGlobalSection
EndGlobal
