
Microsoft Visual Studio Solution File, Format Version 12.00
Project("{FAE04EC0-301F-11D3-BF4B-00C04F79EFBC}") = "Markdown", "Markdown.csproj", "{D8E63DB0-2F1D-4ECC-BC7A-C100B9455AED}"
EndProject
Project("{FAE04EC0-301F-11D3-BF4B-00C04F79EFBC}") = "AhoCorasick", "AhoCorasick\AhoCorasick.csproj", "{A99666B5-1380-4D9F-8B07-1EAA7919DDC9}"
EndProject
Project("{FAE04EC0-301F-11D3-BF4B-00C04F79EFBC}") = "MarkdownTests", "MarkdownTests\MarkdownTests.csproj", "{834E985B-150B-4851-857C-934E8C57A05F}"
EndProject
Global
	GlobalSection(SolutionConfigurationPlatforms) = preSolution
		Debug|Any CPU = Debug|Any CPU
		Release|Any CPU = Release|Any CPU
	EndGlobalSection
	GlobalSection(ProjectConfigurationPlatforms) = postSolution
		{D8E63DB0-2F1D-4ECC-BC7A-C100B9455AED}.Debug|Any CPU.ActiveCfg = Debug|Any CPU
		{D8E63DB0-2F1D-4ECC-BC7A-C100B9455AED}.Debug|Any CPU.Build.0 = Debug|Any CPU
		{D8E63DB0-2F1D-4ECC-BC7A-C100B9455AED}.Release|Any CPU.ActiveCfg = Release|Any CPU
		{D8E63DB0-2F1D-4ECC-BC7A-C100B9455AED}.Release|Any CPU.Build.0 = Release|Any CPU
		{A99666B5-1380-4D9F-8B07-1EAA7919DDC9}.Debug|Any CPU.ActiveCfg = Debug|Any CPU
		{A99666B5-1380-4D9F-8B07-1EAA7919DDC9}.Debug|Any CPU.Build.0 = Debug|Any CPU
		{A99666B5-1380-4D9F-8B07-1EAA7919DDC9}.Release|Any CPU.ActiveCfg = Release|Any CPU
		{A99666B5-1380-4D9F-8B07-1EAA7919DDC9}.Release|Any CPU.Build.0 = Release|Any CPU
		{834E985B-150B-4851-857C-934E8C57A05F}.Debug|Any CPU.ActiveCfg = Debug|Any CPU
		{834E985B-150B-4851-857C-934E8C57A05F}.Debug|Any CPU.Build.0 = Debug|Any CPU
		{834E985B-150B-4851-857C-934E8C57A05F}.Release|Any CPU.ActiveCfg = Release|Any CPU
		{834E985B-150B-4851-857C-934E8C57A05F}.Release|Any CPU.Build.0 = Release|Any CPU
	EndGlobalSection
EndGlobal
